<?xml version="1.0" encoding="utf-8"?>
<Project ToolsVersion="4.0" xmlns="http://schemas.microsoft.com/developer/msbuild/2003">
  <ItemGroup>
    <Filter Include="Src">
      <UniqueIdentifier>{3c7a53be-e081-41ec-be03-bdb9e7f83334}</UniqueIdentifier>
    </Filter>
    <Filter Include="Res">
      <UniqueIdentifier>{e8415925-1ea7-48c7-9404-218dbafe7450}</UniqueIdentifier>
    </Filter>
    <Filter Include="Res\Shader">
      <UniqueIdentifier>{8fa5aa9c-d326-41c3-90eb-994834370889}</UniqueIdentifier>
    </Filter>
    <Filter Include="Src\CoreEngine">
      <UniqueIdentifier>{0b11736f-96f0-4ae3-bed8-0e3229a58caa}</UniqueIdentifier>
    </Filter>
    <Filter Include="Src\Entity">
      <UniqueIdentifier>{92102be6-c52f-42ce-87ec-1d1b83d932b3}</UniqueIdentifier>
    </Filter>
    <Filter Include="Src\tools">
      <UniqueIdentifier>{5e9e4c61-cc0b-4531-9e8f-ec6bab979526}</UniqueIdentifier>
    </Filter>
  </ItemGroup>
  <ItemGroup>
    <ClCompile Include="src\Shader.cpp">
      <Filter>Src</Filter>
    </ClCompile>
    <ClCompile Include="src\InputSystem.cpp">
      <Filter>Src</Filter>
    </ClCompile>
    <ClCompile Include="libs\stb\Include\stb_image.cpp">
      <Filter>Src\tools</Filter>
    </ClCompile>
    <ClCompile Include="src\CoreEngine\BaseGame.cpp">
      <Filter>Src\CoreEngine</Filter>
    </ClCompile>
    <ClCompile Include="src\CoreEngine\Renderer.cpp">
      <Filter>Src\CoreEngine</Filter>
    </ClCompile>
    <ClCompile Include="src\CoreEngine\Window.cpp">
      <Filter>Src\CoreEngine</Filter>
    </ClCompile>
    <ClCompile Include="src\Entity\Entity.cpp">
      <Filter>Src\Entity</Filter>
    </ClCompile>
    <ClCompile Include="src\Entity\Entity2D.cpp">
      <Filter>Src\Entity</Filter>
    </ClCompile>
    <ClCompile Include="src\Entity\Shape.cpp">
      <Filter>Src\Entity</Filter>
    </ClCompile>
    <ClCompile Include="src\Entity\Texture.cpp">
      <Filter>Src\Entity</Filter>
    </ClCompile>
    <ClCompile Include="src\ErrorLog.cpp">
      <Filter>Src\tools</Filter>
    </ClCompile>
    <ClCompile Include="src\TextureImporter.cpp">
      <Filter>Src\tools</Filter>
    </ClCompile>
  </ItemGroup>
  <ItemGroup>
    <ClInclude Include="src\Shader.h">
      <Filter>Src</Filter>
    </ClInclude>
    <ClInclude Include="src\InputSystem.h">
      <Filter>Src</Filter>
    </ClInclude>
    <ClInclude Include="libs\stb\Include\stb_image.h">
      <Filter>Src\tools</Filter>
    </ClInclude>
    <ClInclude Include="src\CoreEngine\BaseGame.h">
      <Filter>Src\CoreEngine</Filter>
    </ClInclude>
    <ClInclude Include="src\CoreEngine\Renderer.h">
      <Filter>Src\CoreEngine</Filter>
    </ClInclude>
    <ClInclude Include="src\CoreEngine\Window.h">
      <Filter>Src\CoreEngine</Filter>
    </ClInclude>
    <ClInclude Include="src\Entity\Entity.h">
      <Filter>Src\Entity</Filter>
    </ClInclude>
    <ClInclude Include="src\Entity\Entity2D.h">
      <Filter>Src\Entity</Filter>
    </ClInclude>
    <ClInclude Include="src\Entity\Shape.h">
      <Filter>Src\Entity</Filter>
    </ClInclude>
    <ClInclude Include="src\Entity\Texture.h">
      <Filter>Src\Entity</Filter>
    </ClInclude>
    <ClInclude Include="src\dll-Exp-Inp.h">
      <Filter>Src\tools</Filter>
    </ClInclude>
    <ClInclude Include="src\ErrorLog.h">
      <Filter>Src\tools</Filter>
    </ClInclude>
    <ClInclude Include="src\glm_math.h">
      <Filter>Src\tools</Filter>
    </ClInclude>
    <ClInclude Include="src\TextureImporter.h">
      <Filter>Src\tools</Filter>
    </ClInclude>
    <ClInclude Include="src\Vectors.h">
      <Filter>Src\tools</Filter>
    </ClInclude>
  </ItemGroup>
  <ItemGroup>
    <None Include="Prueba\res\Shader\Primitive.Shader">
      <Filter>Res\Shader</Filter>
    </None>
    <None Include="Prueba\res\Shader\Texture.Shader">
      <Filter>Res\Shader</Filter>
    </None>
  </ItemGroup>
</Project>